
Microsoft Visual Studio Solution File, Format Version 12.00
# Visual Studio Version 17
VisualStudioVersion = 17.7.34031.279
MinimumVisualStudioVersion = 10.0.40219.1
Project("{FAE04EC0-301F-11D3-BF4B-00C04F79EFBC}") = "CA2", "CA2\CA2.csproj", "{73D4878A-65A3-4098-B6C1-E2736651E287}"
EndProject
Global
	GlobalSection(SolutionConfigurationPlatforms) = preSolution
		Debug|Any CPU = Debug|Any CPU
		Release|Any CPU = Release|Any CPU
	EndGlobalSection
	GlobalSection(ProjectConfigurationPlatforms) = postSolution
		{73D4878A-65A3-4098-B6C1-E2736651E287}.Debug|Any CPU.ActiveCfg = Debug|Any CPU
		{73D4878A-65A3-4098-B6C1-E2736651E287}.Debug|Any CPU.Build.0 = Debug|Any CPU
		{73D4878A-65A3-4098-B6C1-E2736651E287}.Release|Any CPU.ActiveCfg = Release|Any CPU
		{73D4878A-65A3-4098-B6C1-E2736651E287}.Release|Any CPU.Build.0 = Release|Any CPU
	EndGlobalSection
	GlobalSection(SolutionProperties) = preSolution
		HideSolutionNode = FALSE
	EndGlobalSection
	GlobalSection(ExtensibilityGlobals) = postSolution
		SolutionGuid = {62FAFCA4-F852-4A8B-9A31-4A28669F9DB8}
	EndGlobalSection
EndGlobal
